
Microsoft Visual Studio Solution File, Format Version 12.00
# Visual Studio Version 17
VisualStudioVersion = 17.4.33213.308
MinimumVisualStudioVersion = 10.0.40219.1
Project("{FAE04EC0-301F-11D3-BF4B-00C04F79EFBC}") = "Spc Web App", "Spc Web App.csproj", "{5C2DE35B-0C1D-476D-94B3-AF113917DC5D}"
EndProject
Global
	GlobalSection(SolutionConfigurationPlatforms) = preSolution
		Debug|Any CPU = Debug|Any CPU
		Release|Any CPU = Release|Any CPU
	EndGlobalSection
	GlobalSection(ProjectConfigurationPlatforms) = postSolution
		{5C2DE35B-0C1D-476D-94B3-AF113917DC5D}.Debug|Any CPU.ActiveCfg = Debug|Any CPU
		{5C2DE35B-0C1D-476D-94B3-AF113917DC5D}.Debug|Any CPU.Build.0 = Debug|Any CPU
		{5C2DE35B-0C1D-476D-94B3-AF113917DC5D}.Release|Any CPU.ActiveCfg = Release|Any CPU
		{5C2DE35B-0C1D-476D-94B3-AF113917DC5D}.Release|Any CPU.Build.0 = Release|Any CPU
	EndGlobalSection
	GlobalSection(SolutionProperties) = preSolution
		HideSolutionNode = FALSE
	EndGlobalSection
	GlobalSection(ExtensibilityGlobals) = postSolution
		SolutionGuid = {2F0C27AD-BEC7-442C-956C-EF234ADF3D30}
	EndGlobalSection
EndGlobal
